
Microsoft Visual Studio Solution File, Format Version 12.00
# Visual Studio Version 16
VisualStudioVersion = 16.0.30907.101
MinimumVisualStudioVersion = 10.0.40219.1
Project("{FAE04EC0-301F-11D3-BF4B-00C04F79EFBC}") = "Refresher_ExplodingKittens", "Refresher_ExplodingKittens.csproj", "{743A8230-6731-4987-8C3E-91D0C6E64F9F}"
EndProject
Global
	GlobalSection(SolutionConfigurationPlatforms) = preSolution
		Debug|Any CPU = Debug|Any CPU
		Release|Any CPU = Release|Any CPU
	EndGlobalSection
	GlobalSection(ProjectConfigurationPlatforms) = postSolution
		{743A8230-6731-4987-8C3E-91D0C6E64F9F}.Debug|Any CPU.ActiveCfg = Debug|Any CPU
		{743A8230-6731-4987-8C3E-91D0C6E64F9F}.Debug|Any CPU.Build.0 = Debug|Any CPU
		{743A8230-6731-4987-8C3E-91D0C6E64F9F}.Release|Any CPU.ActiveCfg = Release|Any CPU
		{743A8230-6731-4987-8C3E-91D0C6E64F9F}.Release|Any CPU.Build.0 = Release|Any CPU
	EndGlobalSection
	GlobalSection(SolutionProperties) = preSolution
		HideSolutionNode = FALSE
	EndGlobalSection
	GlobalSection(ExtensibilityGlobals) = postSolution
		SolutionGuid = {C7CF6C36-FC5F-4FA3-AF78-BE800B04C430}
	EndGlobalSection
EndGlobal
